
Microsoft Visual Studio Solution File, Format Version 12.00
# Visual Studio 15
VisualStudioVersion = 15.0.28010.2048
MinimumVisualStudioVersion = 10.0.40219.1
Project("{FAE04EC0-301F-11D3-BF4B-00C04F79EFBC}") = "LocaleStringResourceUpdate", "LocaleStringResourceUpdate\LocaleStringResourceUpdate.csproj", "{88BC971C-8536-4A94-96BE-8724AE86DD9A}"
EndProject
Global
	GlobalSection(SolutionConfigurationPlatforms) = preSolution
		Debug|Any CPU = Debug|Any CPU
		Release|Any CPU = Release|Any CPU
	EndGlobalSection
	GlobalSection(ProjectConfigurationPlatforms) = postSolution
		{88BC971C-8536-4A94-96BE-8724AE86DD9A}.Debug|Any CPU.ActiveCfg = Debug|Any CPU
		{88BC971C-8536-4A94-96BE-8724AE86DD9A}.Debug|Any CPU.Build.0 = Debug|Any CPU
		{88BC971C-8536-4A94-96BE-8724AE86DD9A}.Release|Any CPU.ActiveCfg = Release|Any CPU
		{88BC971C-8536-4A94-96BE-8724AE86DD9A}.Release|Any CPU.Build.0 = Release|Any CPU
	EndGlobalSection
	GlobalSection(SolutionProperties) = preSolution
		HideSolutionNode = FALSE
	EndGlobalSection
	GlobalSection(ExtensibilityGlobals) = postSolution
		SolutionGuid = {B124A8A2-28C1-44EB-B35B-2F95046F1173}
	EndGlobalSection
EndGlobal
